
Microsoft Visual Studio Solution File, Format Version 12.00
# Visual Studio 15
VisualStudioVersion = 15.0.26430.15
MinimumVisualStudioVersion = 10.0.40219.1
Project("{2150E333-8FDC-42A3-9474-1A3956D46DE8}") = "src", "src", "{7E781626-8B88-4EE0-92B5-FC88A0395A15}"
EndProject
Project("{9A19103F-16F7-4668-BE54-9A1E7A4F7556}") = "FNO.Orchestrator", "src\FNO.Orchestrator\FNO.Orchestrator.csproj", "{3AEBB63C-3BAA-43B5-9F4A-3BDB13EFC508}"
EndProject
Project("{9A19103F-16F7-4668-BE54-9A1E7A4F7556}") = "FNO.Domain", "src\FNO.Domain\FNO.Domain.csproj", "{525B0178-5996-451A-B11D-C2B7B20E73A5}"
EndProject
Project("{9A19103F-16F7-4668-BE54-9A1E7A4F7556}") = "FNO.ReadModel", "src\FNO.ReadModel\FNO.ReadModel.csproj", "{DBFCD01D-80FA-4F65-8A69-30E64079CBE1}"
EndProject
Project("{2150E333-8FDC-42A3-9474-1A3956D46DE8}") = "test", "test", "{2B11D3E2-29A8-400B-B2E7-39321914D267}"
EndProject
Project("{9A19103F-16F7-4668-BE54-9A1E7A4F7556}") = "FNO.FactoryPod", "src\FNO.FactoryPod\FNO.FactoryPod.csproj", "{DE229EDD-8AD9-4DBB-A354-D296C027DE18}"
EndProject
Project("{9A19103F-16F7-4668-BE54-9A1E7A4F7556}") = "FNO.WebApp", "src\FNO.WebApp\FNO.WebApp.csproj", "{EF2EC2A1-21E1-4A0F-87CD-26F1F5DF01D8}"
EndProject
Project("{9A19103F-16F7-4668-BE54-9A1E7A4F7556}") = "FNO.Common", "src\FNO.Common\FNO.Common.csproj", "{3ABB9F7C-6FD4-48DF-B4F8-20A3C7BA3B8B}"
EndProject
Project("{9A19103F-16F7-4668-BE54-9A1E7A4F7556}") = "FNO.EventStream", "src\FNO.EventStream\FNO.EventStream.csproj", "{2D774174-B7A7-42A9-B8DC-1B2EDA4D889E}"
EndProject
Project("{2150E333-8FDC-42A3-9474-1A3956D46DE8}") = "vendor", "vendor", "{F88A4052-1ADA-4373-BBF5-16003F89EA9A}"
EndProject
Project("{9A19103F-16F7-4668-BE54-9A1E7A4F7556}") = "CoreRCON", "vendor\CoreRCON\src\CoreRCON\CoreRCON.csproj", "{B625B865-BCDB-413F-B23A-76E2DAD91E25}"
EndProject
Project("{9A19103F-16F7-4668-BE54-9A1E7A4F7556}") = "FNO.EventSourcing", "src\FNO.EventSourcing\FNO.EventSourcing.csproj", "{5794342D-AE37-4471-BE95-722769FBE23C}"
EndProject
Project("{9A19103F-16F7-4668-BE54-9A1E7A4F7556}") = "FNO.ReadModel.Tests", "test\FNO.ReadModel.Tests\FNO.ReadModel.Tests.csproj", "{2AF83E3D-06FD-4374-AF94-61D1F246B5B4}"
EndProject
Project("{9A19103F-16F7-4668-BE54-9A1E7A4F7556}") = "FNO.FactoryPod.Mock", "test\FNO.FactoryPod.Mock\FNO.FactoryPod.Mock.csproj", "{D064AE60-1C75-44E0-8BA4-9014A21A4FFC}"
EndProject
Project("{9A19103F-16F7-4668-BE54-9A1E7A4F7556}") = "FNO.WebApp.Tests", "test\FNO.WebApp.Tests\FNO.WebApp.Tests.csproj", "{A56AFD7F-14B0-4B8D-A3A2-6FBA49941781}"
EndProject
Project("{FAE04EC0-301F-11D3-BF4B-00C04F79EFBC}") = "FNO.Orchestrator.Mock", "test\FNO.Orchestrator.Mock\FNO.Orchestrator.Mock.csproj", "{7B6D32C6-F31B-4CDA-97D5-E081309791BE}"
EndProject
Global
	GlobalSection(SolutionConfigurationPlatforms) = preSolution
		Debug|Any CPU = Debug|Any CPU
		Release|Any CPU = Release|Any CPU
	EndGlobalSection
	GlobalSection(ProjectConfigurationPlatforms) = postSolution
		{3AEBB63C-3BAA-43B5-9F4A-3BDB13EFC508}.Debug|Any CPU.ActiveCfg = Debug|Any CPU
		{3AEBB63C-3BAA-43B5-9F4A-3BDB13EFC508}.Debug|Any CPU.Build.0 = Debug|Any CPU
		{3AEBB63C-3BAA-43B5-9F4A-3BDB13EFC508}.Release|Any CPU.ActiveCfg = Release|Any CPU
		{3AEBB63C-3BAA-43B5-9F4A-3BDB13EFC508}.Release|Any CPU.Build.0 = Release|Any CPU
		{525B0178-5996-451A-B11D-C2B7B20E73A5}.Debug|Any CPU.ActiveCfg = Debug|Any CPU
		{525B0178-5996-451A-B11D-C2B7B20E73A5}.Debug|Any CPU.Build.0 = Debug|Any CPU
		{525B0178-5996-451A-B11D-C2B7B20E73A5}.Release|Any CPU.ActiveCfg = Release|Any CPU
		{525B0178-5996-451A-B11D-C2B7B20E73A5}.Release|Any CPU.Build.0 = Release|Any CPU
		{DBFCD01D-80FA-4F65-8A69-30E64079CBE1}.Debug|Any CPU.ActiveCfg = Debug|Any CPU
		{DBFCD01D-80FA-4F65-8A69-30E64079CBE1}.Debug|Any CPU.Build.0 = Debug|Any CPU
		{DBFCD01D-80FA-4F65-8A69-30E64079CBE1}.Release|Any CPU.ActiveCfg = Release|Any CPU
		{DBFCD01D-80FA-4F65-8A69-30E64079CBE1}.Release|Any CPU.Build.0 = Release|Any CPU
		{DE229EDD-8AD9-4DBB-A354-D296C027DE18}.Debug|Any CPU.ActiveCfg = Debug|Any CPU
		{DE229EDD-8AD9-4DBB-A354-D296C027DE18}.Debug|Any CPU.Build.0 = Debug|Any CPU
		{DE229EDD-8AD9-4DBB-A354-D296C027DE18}.Release|Any CPU.ActiveCfg = Release|Any CPU
		{DE229EDD-8AD9-4DBB-A354-D296C027DE18}.Release|Any CPU.Build.0 = Release|Any CPU
		{EF2EC2A1-21E1-4A0F-87CD-26F1F5DF01D8}.Debug|Any CPU.ActiveCfg = Debug|Any CPU
		{EF2EC2A1-21E1-4A0F-87CD-26F1F5DF01D8}.Debug|Any CPU.Build.0 = Debug|Any CPU
		{EF2EC2A1-21E1-4A0F-87CD-26F1F5DF01D8}.Release|Any CPU.ActiveCfg = Release|Any CPU
		{EF2EC2A1-21E1-4A0F-87CD-26F1F5DF01D8}.Release|Any CPU.Build.0 = Release|Any CPU
		{3ABB9F7C-6FD4-48DF-B4F8-20A3C7BA3B8B}.Debug|Any CPU.ActiveCfg = Debug|Any CPU
		{3ABB9F7C-6FD4-48DF-B4F8-20A3C7BA3B8B}.Debug|Any CPU.Build.0 = Debug|Any CPU
		{3ABB9F7C-6FD4-48DF-B4F8-20A3C7BA3B8B}.Release|Any CPU.ActiveCfg = Release|Any CPU
		{3ABB9F7C-6FD4-48DF-B4F8-20A3C7BA3B8B}.Release|Any CPU.Build.0 = Release|Any CPU
		{2D774174-B7A7-42A9-B8DC-1B2EDA4D889E}.Debug|Any CPU.ActiveCfg = Debug|Any CPU
		{2D774174-B7A7-42A9-B8DC-1B2EDA4D889E}.Debug|Any CPU.Build.0 = Debug|Any CPU
		{2D774174-B7A7-42A9-B8DC-1B2EDA4D889E}.Release|Any CPU.ActiveCfg = Release|Any CPU
		{2D774174-B7A7-42A9-B8DC-1B2EDA4D889E}.Release|Any CPU.Build.0 = Release|Any CPU
		{B625B865-BCDB-413F-B23A-76E2DAD91E25}.Debug|Any CPU.ActiveCfg = Debug|Any CPU
		{B625B865-BCDB-413F-B23A-76E2DAD91E25}.Debug|Any CPU.Build.0 = Debug|Any CPU
		{B625B865-BCDB-413F-B23A-76E2DAD91E25}.Release|Any CPU.ActiveCfg = Release|Any CPU
		{B625B865-BCDB-413F-B23A-76E2DAD91E25}.Release|Any CPU.Build.0 = Release|Any CPU
		{5794342D-AE37-4471-BE95-722769FBE23C}.Debug|Any CPU.ActiveCfg = Debug|Any CPU
		{5794342D-AE37-4471-BE95-722769FBE23C}.Debug|Any CPU.Build.0 = Debug|Any CPU
		{5794342D-AE37-4471-BE95-722769FBE23C}.Release|Any CPU.ActiveCfg = Release|Any CPU
		{5794342D-AE37-4471-BE95-722769FBE23C}.Release|Any CPU.Build.0 = Release|Any CPU
		{2AF83E3D-06FD-4374-AF94-61D1F246B5B4}.Debug|Any CPU.ActiveCfg = Debug|Any CPU
		{2AF83E3D-06FD-4374-AF94-61D1F246B5B4}.Debug|Any CPU.Build.0 = Debug|Any CPU
		{2AF83E3D-06FD-4374-AF94-61D1F246B5B4}.Release|Any CPU.ActiveCfg = Release|Any CPU
		{2AF83E3D-06FD-4374-AF94-61D1F246B5B4}.Release|Any CPU.Build.0 = Release|Any CPU
		{D064AE60-1C75-44E0-8BA4-9014A21A4FFC}.Debug|Any CPU.ActiveCfg = Debug|Any CPU
		{D064AE60-1C75-44E0-8BA4-9014A21A4FFC}.Debug|Any CPU.Build.0 = Debug|Any CPU
		{D064AE60-1C75-44E0-8BA4-9014A21A4FFC}.Release|Any CPU.ActiveCfg = Release|Any CPU
		{D064AE60-1C75-44E0-8BA4-9014A21A4FFC}.Release|Any CPU.Build.0 = Release|Any CPU
		{A56AFD7F-14B0-4B8D-A3A2-6FBA49941781}.Debug|Any CPU.ActiveCfg = Debug|Any CPU
		{A56AFD7F-14B0-4B8D-A3A2-6FBA49941781}.Debug|Any CPU.Build.0 = Debug|Any CPU
		{A56AFD7F-14B0-4B8D-A3A2-6FBA49941781}.Release|Any CPU.ActiveCfg = Release|Any CPU
		{A56AFD7F-14B0-4B8D-A3A2-6FBA49941781}.Release|Any CPU.Build.0 = Release|Any CPU
		{7B6D32C6-F31B-4CDA-97D5-E081309791BE}.Debug|Any CPU.ActiveCfg = Debug|Any CPU
		{7B6D32C6-F31B-4CDA-97D5-E081309791BE}.Debug|Any CPU.Build.0 = Debug|Any CPU
		{7B6D32C6-F31B-4CDA-97D5-E081309791BE}.Release|Any CPU.ActiveCfg = Release|Any CPU
		{7B6D32C6-F31B-4CDA-97D5-E081309791BE}.Release|Any CPU.Build.0 = Release|Any CPU
	EndGlobalSection
	GlobalSection(SolutionProperties) = preSolution
		HideSolutionNode = FALSE
	EndGlobalSection
	GlobalSection(NestedProjects) = preSolution
		{3AEBB63C-3BAA-43B5-9F4A-3BDB13EFC508} = {7E781626-8B88-4EE0-92B5-FC88A0395A15}
		{525B0178-5996-451A-B11D-C2B7B20E73A5} = {7E781626-8B88-4EE0-92B5-FC88A0395A15}
		{DBFCD01D-80FA-4F65-8A69-30E64079CBE1} = {7E781626-8B88-4EE0-92B5-FC88A0395A15}
		{DE229EDD-8AD9-4DBB-A354-D296C027DE18} = {7E781626-8B88-4EE0-92B5-FC88A0395A15}
		{EF2EC2A1-21E1-4A0F-87CD-26F1F5DF01D8} = {7E781626-8B88-4EE0-92B5-FC88A0395A15}
		{3ABB9F7C-6FD4-48DF-B4F8-20A3C7BA3B8B} = {7E781626-8B88-4EE0-92B5-FC88A0395A15}
		{2D774174-B7A7-42A9-B8DC-1B2EDA4D889E} = {7E781626-8B88-4EE0-92B5-FC88A0395A15}
		{B625B865-BCDB-413F-B23A-76E2DAD91E25} = {F88A4052-1ADA-4373-BBF5-16003F89EA9A}
		{5794342D-AE37-4471-BE95-722769FBE23C} = {7E781626-8B88-4EE0-92B5-FC88A0395A15}
		{2AF83E3D-06FD-4374-AF94-61D1F246B5B4} = {2B11D3E2-29A8-400B-B2E7-39321914D267}
		{D064AE60-1C75-44E0-8BA4-9014A21A4FFC} = {2B11D3E2-29A8-400B-B2E7-39321914D267}
		{A56AFD7F-14B0-4B8D-A3A2-6FBA49941781} = {2B11D3E2-29A8-400B-B2E7-39321914D267}
		{7B6D32C6-F31B-4CDA-97D5-E081309791BE} = {2B11D3E2-29A8-400B-B2E7-39321914D267}
	EndGlobalSection
	GlobalSection(ExtensibilityGlobals) = postSolution
		SolutionGuid = {8A8945D5-4C8E-4031-B94E-B5F1F0F18470}
	EndGlobalSection
EndGlobal
