
Microsoft Visual Studio Solution File, Format Version 12.00
# Visual Studio Version 16
VisualStudioVersion = 16.0.29102.190
MinimumVisualStudioVersion = 10.0.40219.1
Project("{2150E333-8FDC-42A3-9474-1A3956D46DE8}") = "src", "src", "{7E781626-8B88-4EE0-92B5-FC88A0395A15}"
EndProject
Project("{9A19103F-16F7-4668-BE54-9A1E7A4F7556}") = "FNO.Orchestrator", "src\FNO.Orchestrator\FNO.Orchestrator.csproj", "{CD7D47FC-8B00-4A25-841B-37C2B85A6D0C}"
EndProject
Project("{9A19103F-16F7-4668-BE54-9A1E7A4F7556}") = "FNO.Domain", "src\FNO.Domain\FNO.Domain.csproj", "{3E45BC16-92BA-4720-B7EE-86DCC2956103}"
EndProject
Project("{9A19103F-16F7-4668-BE54-9A1E7A4F7556}") = "FNO.ReadModel", "src\FNO.ReadModel\FNO.ReadModel.csproj", "{3B1BD3B2-3499-4D55-8F2B-CEDDECD54FE2}"
EndProject
Project("{2150E333-8FDC-42A3-9474-1A3956D46DE8}") = "test", "test", "{2B11D3E2-29A8-400B-B2E7-39321914D267}"
EndProject
Project("{9A19103F-16F7-4668-BE54-9A1E7A4F7556}") = "FNO.FactoryPod", "src\FNO.FactoryPod\FNO.FactoryPod.csproj", "{53D2544B-0C35-4A2F-BE5C-9B3007B368BA}"
EndProject
Project("{9A19103F-16F7-4668-BE54-9A1E7A4F7556}") = "FNO.WebApp", "src\FNO.WebApp\FNO.WebApp.csproj", "{11B5397E-9DBA-45FE-AAF2-2B365418336D}"
EndProject
Project("{9A19103F-16F7-4668-BE54-9A1E7A4F7556}") = "FNO.Common", "src\FNO.Common\FNO.Common.csproj", "{485553B4-4BF3-49E1-8171-3EF64526C629}"
EndProject
Project("{9A19103F-16F7-4668-BE54-9A1E7A4F7556}") = "FNO.EventStream", "src\FNO.EventStream\FNO.EventStream.csproj", "{25363D37-5B99-46EB-8974-78BE2F139234}"
EndProject
Project("{2150E333-8FDC-42A3-9474-1A3956D46DE8}") = "vendor", "vendor", "{F88A4052-1ADA-4373-BBF5-16003F89EA9A}"
EndProject
Project("{9A19103F-16F7-4668-BE54-9A1E7A4F7556}") = "CoreRCON", "vendor\CoreRCON\src\CoreRCON\CoreRCON.csproj", "{B625B865-BCDB-413F-B23A-76E2DAD91E25}"
EndProject
Project("{9A19103F-16F7-4668-BE54-9A1E7A4F7556}") = "FNO.EventSourcing", "src\FNO.EventSourcing\FNO.EventSourcing.csproj", "{AEAC0F63-3F77-462D-B739-99BC12C76A4B}"
EndProject
Project("{9A19103F-16F7-4668-BE54-9A1E7A4F7556}") = "FNO.ReadModel.Tests", "test\FNO.ReadModel.Tests\FNO.ReadModel.Tests.csproj", "{1C999730-0868-4166-9EE5-D89E9711EF2E}"
EndProject
Project("{9A19103F-16F7-4668-BE54-9A1E7A4F7556}") = "FNO.FactoryPod.Mock", "test\FNO.FactoryPod.Mock\FNO.FactoryPod.Mock.csproj", "{ACAD18DB-6B8C-4DC9-8CC4-823529E742F3}"
EndProject
Project("{9A19103F-16F7-4668-BE54-9A1E7A4F7556}") = "FNO.Orchestrator.Mock", "test\FNO.Orchestrator.Mock\FNO.Orchestrator.Mock.csproj", "{4E827D76-30E8-474F-A2BF-E367BBEA6271}"
EndProject
Project("{9A19103F-16F7-4668-BE54-9A1E7A4F7556}") = "FNO.Orchestrator.Tests", "test\FNO.Orchestrator.Tests\FNO.Orchestrator.Tests.csproj", "{F8FA0EBB-621B-4B1A-9359-19F297B1EB12}"
EndProject
Project("{9A19103F-16F7-4668-BE54-9A1E7A4F7556}") = "FNO.Toolbox", "src\FNO.Toolbox\FNO.Toolbox.csproj", "{D3E2C32F-CF3B-4B6D-A384-E00F9E0BFE17}"
EndProject
Project("{9A19103F-16F7-4668-BE54-9A1E7A4F7556}") = "FNO.Broker", "src\FNO.Broker\FNO.Broker.csproj", "{83B1871B-9D92-40C2-8074-EF32DA33E461}"
EndProject
Project("{9A19103F-16F7-4668-BE54-9A1E7A4F7556}") = "FNO.Broker.Tests", "test\FNO.Broker.Tests\FNO.Broker.Tests.csproj", "{3B40A85B-505E-468E-8F29-CB38113BB09F}"
EndProject
Project("{9A19103F-16F7-4668-BE54-9A1E7A4F7556}") = "FNO.Tests.Common", "test\FNO.Tests.Common\FNO.Tests.Common.csproj", "{53FE5D5C-3981-4076-BA0E-EAEACF2B21FD}"
EndProject
Project("{FAE04EC0-301F-11D3-BF4B-00C04F79EFBC}") = "FNO.Domain.Tests", "test\FNO.Domain.Tests\FNO.Domain.Tests.csproj", "{E78F82F0-6E6B-44D9-9AE1-5C0520C6108B}"
EndProject
Global
	GlobalSection(SolutionConfigurationPlatforms) = preSolution
		Debug|Any CPU = Debug|Any CPU
		Release|Any CPU = Release|Any CPU
	EndGlobalSection
	GlobalSection(ProjectConfigurationPlatforms) = postSolution
		{CD7D47FC-8B00-4A25-841B-37C2B85A6D0C}.Debug|Any CPU.ActiveCfg = Debug|Any CPU
		{CD7D47FC-8B00-4A25-841B-37C2B85A6D0C}.Debug|Any CPU.Build.0 = Debug|Any CPU
		{CD7D47FC-8B00-4A25-841B-37C2B85A6D0C}.Release|Any CPU.ActiveCfg = Release|Any CPU
		{CD7D47FC-8B00-4A25-841B-37C2B85A6D0C}.Release|Any CPU.Build.0 = Release|Any CPU
		{3E45BC16-92BA-4720-B7EE-86DCC2956103}.Debug|Any CPU.ActiveCfg = Debug|Any CPU
		{3E45BC16-92BA-4720-B7EE-86DCC2956103}.Debug|Any CPU.Build.0 = Debug|Any CPU
		{3E45BC16-92BA-4720-B7EE-86DCC2956103}.Release|Any CPU.ActiveCfg = Release|Any CPU
		{3E45BC16-92BA-4720-B7EE-86DCC2956103}.Release|Any CPU.Build.0 = Release|Any CPU
		{3B1BD3B2-3499-4D55-8F2B-CEDDECD54FE2}.Debug|Any CPU.ActiveCfg = Debug|Any CPU
		{3B1BD3B2-3499-4D55-8F2B-CEDDECD54FE2}.Debug|Any CPU.Build.0 = Debug|Any CPU
		{3B1BD3B2-3499-4D55-8F2B-CEDDECD54FE2}.Release|Any CPU.ActiveCfg = Release|Any CPU
		{3B1BD3B2-3499-4D55-8F2B-CEDDECD54FE2}.Release|Any CPU.Build.0 = Release|Any CPU
		{53D2544B-0C35-4A2F-BE5C-9B3007B368BA}.Debug|Any CPU.ActiveCfg = Debug|Any CPU
		{53D2544B-0C35-4A2F-BE5C-9B3007B368BA}.Debug|Any CPU.Build.0 = Debug|Any CPU
		{53D2544B-0C35-4A2F-BE5C-9B3007B368BA}.Release|Any CPU.ActiveCfg = Release|Any CPU
		{53D2544B-0C35-4A2F-BE5C-9B3007B368BA}.Release|Any CPU.Build.0 = Release|Any CPU
		{11B5397E-9DBA-45FE-AAF2-2B365418336D}.Debug|Any CPU.ActiveCfg = Debug|Any CPU
		{11B5397E-9DBA-45FE-AAF2-2B365418336D}.Debug|Any CPU.Build.0 = Debug|Any CPU
		{11B5397E-9DBA-45FE-AAF2-2B365418336D}.Release|Any CPU.ActiveCfg = Release|Any CPU
		{11B5397E-9DBA-45FE-AAF2-2B365418336D}.Release|Any CPU.Build.0 = Release|Any CPU
		{485553B4-4BF3-49E1-8171-3EF64526C629}.Debug|Any CPU.ActiveCfg = Debug|Any CPU
		{485553B4-4BF3-49E1-8171-3EF64526C629}.Debug|Any CPU.Build.0 = Debug|Any CPU
		{485553B4-4BF3-49E1-8171-3EF64526C629}.Release|Any CPU.ActiveCfg = Release|Any CPU
		{485553B4-4BF3-49E1-8171-3EF64526C629}.Release|Any CPU.Build.0 = Release|Any CPU
		{25363D37-5B99-46EB-8974-78BE2F139234}.Debug|Any CPU.ActiveCfg = Debug|Any CPU
		{25363D37-5B99-46EB-8974-78BE2F139234}.Debug|Any CPU.Build.0 = Debug|Any CPU
		{25363D37-5B99-46EB-8974-78BE2F139234}.Release|Any CPU.ActiveCfg = Release|Any CPU
		{25363D37-5B99-46EB-8974-78BE2F139234}.Release|Any CPU.Build.0 = Release|Any CPU
		{B625B865-BCDB-413F-B23A-76E2DAD91E25}.Debug|Any CPU.ActiveCfg = Debug|Any CPU
		{B625B865-BCDB-413F-B23A-76E2DAD91E25}.Debug|Any CPU.Build.0 = Debug|Any CPU
		{B625B865-BCDB-413F-B23A-76E2DAD91E25}.Release|Any CPU.ActiveCfg = Release|Any CPU
		{B625B865-BCDB-413F-B23A-76E2DAD91E25}.Release|Any CPU.Build.0 = Release|Any CPU
		{AEAC0F63-3F77-462D-B739-99BC12C76A4B}.Debug|Any CPU.ActiveCfg = Debug|Any CPU
		{AEAC0F63-3F77-462D-B739-99BC12C76A4B}.Debug|Any CPU.Build.0 = Debug|Any CPU
		{AEAC0F63-3F77-462D-B739-99BC12C76A4B}.Release|Any CPU.ActiveCfg = Release|Any CPU
		{AEAC0F63-3F77-462D-B739-99BC12C76A4B}.Release|Any CPU.Build.0 = Release|Any CPU
		{1C999730-0868-4166-9EE5-D89E9711EF2E}.Debug|Any CPU.ActiveCfg = Debug|Any CPU
		{1C999730-0868-4166-9EE5-D89E9711EF2E}.Debug|Any CPU.Build.0 = Debug|Any CPU
		{1C999730-0868-4166-9EE5-D89E9711EF2E}.Release|Any CPU.ActiveCfg = Release|Any CPU
		{1C999730-0868-4166-9EE5-D89E9711EF2E}.Release|Any CPU.Build.0 = Release|Any CPU
		{ACAD18DB-6B8C-4DC9-8CC4-823529E742F3}.Debug|Any CPU.ActiveCfg = Debug|Any CPU
		{ACAD18DB-6B8C-4DC9-8CC4-823529E742F3}.Debug|Any CPU.Build.0 = Debug|Any CPU
		{ACAD18DB-6B8C-4DC9-8CC4-823529E742F3}.Release|Any CPU.ActiveCfg = Release|Any CPU
		{ACAD18DB-6B8C-4DC9-8CC4-823529E742F3}.Release|Any CPU.Build.0 = Release|Any CPU
		{4E827D76-30E8-474F-A2BF-E367BBEA6271}.Debug|Any CPU.ActiveCfg = Debug|Any CPU
		{4E827D76-30E8-474F-A2BF-E367BBEA6271}.Debug|Any CPU.Build.0 = Debug|Any CPU
		{4E827D76-30E8-474F-A2BF-E367BBEA6271}.Release|Any CPU.ActiveCfg = Release|Any CPU
		{4E827D76-30E8-474F-A2BF-E367BBEA6271}.Release|Any CPU.Build.0 = Release|Any CPU
		{F8FA0EBB-621B-4B1A-9359-19F297B1EB12}.Debug|Any CPU.ActiveCfg = Debug|Any CPU
		{F8FA0EBB-621B-4B1A-9359-19F297B1EB12}.Debug|Any CPU.Build.0 = Debug|Any CPU
		{F8FA0EBB-621B-4B1A-9359-19F297B1EB12}.Release|Any CPU.ActiveCfg = Release|Any CPU
		{F8FA0EBB-621B-4B1A-9359-19F297B1EB12}.Release|Any CPU.Build.0 = Release|Any CPU
		{D3E2C32F-CF3B-4B6D-A384-E00F9E0BFE17}.Debug|Any CPU.ActiveCfg = Debug|Any CPU
		{D3E2C32F-CF3B-4B6D-A384-E00F9E0BFE17}.Debug|Any CPU.Build.0 = Debug|Any CPU
		{D3E2C32F-CF3B-4B6D-A384-E00F9E0BFE17}.Release|Any CPU.ActiveCfg = Release|Any CPU
		{D3E2C32F-CF3B-4B6D-A384-E00F9E0BFE17}.Release|Any CPU.Build.0 = Release|Any CPU
		{83B1871B-9D92-40C2-8074-EF32DA33E461}.Debug|Any CPU.ActiveCfg = Debug|Any CPU
		{83B1871B-9D92-40C2-8074-EF32DA33E461}.Debug|Any CPU.Build.0 = Debug|Any CPU
		{83B1871B-9D92-40C2-8074-EF32DA33E461}.Release|Any CPU.ActiveCfg = Release|Any CPU
		{83B1871B-9D92-40C2-8074-EF32DA33E461}.Release|Any CPU.Build.0 = Release|Any CPU
		{3B40A85B-505E-468E-8F29-CB38113BB09F}.Debug|Any CPU.ActiveCfg = Debug|Any CPU
		{3B40A85B-505E-468E-8F29-CB38113BB09F}.Debug|Any CPU.Build.0 = Debug|Any CPU
		{3B40A85B-505E-468E-8F29-CB38113BB09F}.Release|Any CPU.ActiveCfg = Release|Any CPU
		{3B40A85B-505E-468E-8F29-CB38113BB09F}.Release|Any CPU.Build.0 = Release|Any CPU
		{53FE5D5C-3981-4076-BA0E-EAEACF2B21FD}.Debug|Any CPU.ActiveCfg = Debug|Any CPU
		{53FE5D5C-3981-4076-BA0E-EAEACF2B21FD}.Debug|Any CPU.Build.0 = Debug|Any CPU
		{53FE5D5C-3981-4076-BA0E-EAEACF2B21FD}.Release|Any CPU.ActiveCfg = Release|Any CPU
		{53FE5D5C-3981-4076-BA0E-EAEACF2B21FD}.Release|Any CPU.Build.0 = Release|Any CPU
		{E78F82F0-6E6B-44D9-9AE1-5C0520C6108B}.Debug|Any CPU.ActiveCfg = Debug|Any CPU
		{E78F82F0-6E6B-44D9-9AE1-5C0520C6108B}.Debug|Any CPU.Build.0 = Debug|Any CPU
		{E78F82F0-6E6B-44D9-9AE1-5C0520C6108B}.Release|Any CPU.ActiveCfg = Release|Any CPU
		{E78F82F0-6E6B-44D9-9AE1-5C0520C6108B}.Release|Any CPU.Build.0 = Release|Any CPU
	EndGlobalSection
	GlobalSection(SolutionProperties) = preSolution
		HideSolutionNode = FALSE
	EndGlobalSection
	GlobalSection(NestedProjects) = preSolution
		{CD7D47FC-8B00-4A25-841B-37C2B85A6D0C} = {7E781626-8B88-4EE0-92B5-FC88A0395A15}
		{3E45BC16-92BA-4720-B7EE-86DCC2956103} = {7E781626-8B88-4EE0-92B5-FC88A0395A15}
		{3B1BD3B2-3499-4D55-8F2B-CEDDECD54FE2} = {7E781626-8B88-4EE0-92B5-FC88A0395A15}
		{53D2544B-0C35-4A2F-BE5C-9B3007B368BA} = {7E781626-8B88-4EE0-92B5-FC88A0395A15}
		{11B5397E-9DBA-45FE-AAF2-2B365418336D} = {7E781626-8B88-4EE0-92B5-FC88A0395A15}
		{485553B4-4BF3-49E1-8171-3EF64526C629} = {7E781626-8B88-4EE0-92B5-FC88A0395A15}
		{25363D37-5B99-46EB-8974-78BE2F139234} = {7E781626-8B88-4EE0-92B5-FC88A0395A15}
		{B625B865-BCDB-413F-B23A-76E2DAD91E25} = {F88A4052-1ADA-4373-BBF5-16003F89EA9A}
		{AEAC0F63-3F77-462D-B739-99BC12C76A4B} = {7E781626-8B88-4EE0-92B5-FC88A0395A15}
		{1C999730-0868-4166-9EE5-D89E9711EF2E} = {2B11D3E2-29A8-400B-B2E7-39321914D267}
		{ACAD18DB-6B8C-4DC9-8CC4-823529E742F3} = {2B11D3E2-29A8-400B-B2E7-39321914D267}
		{4E827D76-30E8-474F-A2BF-E367BBEA6271} = {2B11D3E2-29A8-400B-B2E7-39321914D267}
		{F8FA0EBB-621B-4B1A-9359-19F297B1EB12} = {2B11D3E2-29A8-400B-B2E7-39321914D267}
		{D3E2C32F-CF3B-4B6D-A384-E00F9E0BFE17} = {7E781626-8B88-4EE0-92B5-FC88A0395A15}
		{83B1871B-9D92-40C2-8074-EF32DA33E461} = {7E781626-8B88-4EE0-92B5-FC88A0395A15}
		{3B40A85B-505E-468E-8F29-CB38113BB09F} = {2B11D3E2-29A8-400B-B2E7-39321914D267}
		{53FE5D5C-3981-4076-BA0E-EAEACF2B21FD} = {2B11D3E2-29A8-400B-B2E7-39321914D267}
		{E78F82F0-6E6B-44D9-9AE1-5C0520C6108B} = {2B11D3E2-29A8-400B-B2E7-39321914D267}
	EndGlobalSection
	GlobalSection(ExtensibilityGlobals) = postSolution
		SolutionGuid = {8A8945D5-4C8E-4031-B94E-B5F1F0F18470}
	EndGlobalSection
EndGlobal
